
Microsoft Visual Studio Solution File, Format Version 12.00
# Visual Studio Version 17
VisualStudioVersion = 17.14.36930.0
MinimumVisualStudioVersion = 10.0.40219.1
Project("{FAE04EC0-301F-11D3-BF4B-00C04F79EFBC}") = "UnitClassExample", "UnitClassExample.csproj", "{CE542563-CADA-438B-A049-A2043B6F6AEB}"
EndProject
Global
	GlobalSection(SolutionConfigurationPlatforms) = preSolution
		Debug|Any CPU = Debug|Any CPU
		Release|Any CPU = Release|Any CPU
	EndGlobalSection
	GlobalSection(ProjectConfigurationPlatforms) = postSolution
		{CE542563-CADA-438B-A049-A2043B6F6AEB}.Debug|Any CPU.ActiveCfg = Debug|Any CPU
		{CE542563-CADA-438B-A049-A2043B6F6AEB}.Debug|Any CPU.Build.0 = Debug|Any CPU
		{CE542563-CADA-438B-A049-A2043B6F6AEB}.Release|Any CPU.ActiveCfg = Release|Any CPU
		{CE542563-CADA-438B-A049-A2043B6F6AEB}.Release|Any CPU.Build.0 = Release|Any CPU
	EndGlobalSection
	GlobalSection(SolutionProperties) = preSolution
		HideSolutionNode = FALSE
	EndGlobalSection
	GlobalSection(ExtensibilityGlobals) = postSolution
		SolutionGuid = {76D47FAA-093D-452E-A939-70F35D6831B2}
	EndGlobalSection
EndGlobal
