
Microsoft Visual Studio Solution File, Format Version 12.00
# Visual Studio Version 17
VisualStudioVersion = 17.14.36930.0 d17.14
MinimumVisualStudioVersion = 10.0.40219.1
Project("{FAE04EC0-301F-11D3-BF4B-00C04F79EFBC}") = "DiceClassExample", "DiceClassExample\DiceClassExample.csproj", "{3A4F60ED-0CD1-40A2-BDCF-4E044F05DA90}"
EndProject
Global
	GlobalSection(SolutionConfigurationPlatforms) = preSolution
		Debug|Any CPU = Debug|Any CPU
		Release|Any CPU = Release|Any CPU
	EndGlobalSection
	GlobalSection(ProjectConfigurationPlatforms) = postSolution
		{3A4F60ED-0CD1-40A2-BDCF-4E044F05DA90}.Debug|Any CPU.ActiveCfg = Debug|Any CPU
		{3A4F60ED-0CD1-40A2-BDCF-4E044F05DA90}.Debug|Any CPU.Build.0 = Debug|Any CPU
		{3A4F60ED-0CD1-40A2-BDCF-4E044F05DA90}.Release|Any CPU.ActiveCfg = Release|Any CPU
		{3A4F60ED-0CD1-40A2-BDCF-4E044F05DA90}.Release|Any CPU.Build.0 = Release|Any CPU
	EndGlobalSection
	GlobalSection(SolutionProperties) = preSolution
		HideSolutionNode = FALSE
	EndGlobalSection
	GlobalSection(ExtensibilityGlobals) = postSolution
		SolutionGuid = {EAB9E5BF-1E7D-4544-ABBD-8DAE9F20CC3F}
	EndGlobalSection
EndGlobal
